// !$*UTF8*$!
{
	archiveVersion = 1;
	classes = {
	};
	objectVersion = 56;
	objects = {

/* Begin PBXBuildFile section */
		14B23A3229756D76003DD54A /* UserDefaultsExt.swift in Sources */ = {isa = PBXBuildFile; fileRef = 14B23A3129756D76003DD54A /* UserDefaultsExt.swift */; };
		14CE90092970357100ED0323 /* NSSoundExt.swift in Sources */ = {isa = PBXBuildFile; fileRef = 14CE90082970357100ED0323 /* NSSoundExt.swift */; };
		14CE900B2970403300ED0323 /* LaunchOnLogin.swift in Sources */ = {isa = PBXBuildFile; fileRef = 14CE900A2970403300ED0323 /* LaunchOnLogin.swift */; };
		14F32C2F295FBA0700EC1916 /* CentreApp.swift in Sources */ = {isa = PBXBuildFile; fileRef = 14F32C2E295FBA0700EC1916 /* CentreApp.swift */; };
		14F32C33295FBA0800EC1916 /* Assets.xcassets in Resources */ = {isa = PBXBuildFile; fileRef = 14F32C32295FBA0800EC1916 /* Assets.xcassets */; };
		14F32C36295FBA0800EC1916 /* Preview Assets.xcassets in Resources */ = {isa = PBXBuildFile; fileRef = 14F32C35295FBA0800EC1916 /* Preview Assets.xcassets */; };
		14F32C3F295FBDCF00EC1916 /* HotKey in Frameworks */ = {isa = PBXBuildFile; productRef = 14F32C3E295FBDCF00EC1916 /* HotKey */; };
		14F32C41295FBEA600EC1916 /* WindowController.swift in Sources */ = {isa = PBXBuildFile; fileRef = 14F32C40295FBEA600EC1916 /* WindowController.swift */; };
		14F32C43295FE11A00EC1916 /* AlertController.swift in Sources */ = {isa = PBXBuildFile; fileRef = 14F32C42295FE11A00EC1916 /* AlertController.swift */; };
/* End PBXBuildFile section */

/* Begin PBXFileReference section */
		14B23A3129756D76003DD54A /* UserDefaultsExt.swift */ = {isa = PBXFileReference; lastKnownFileType = sourcecode.swift; path = UserDefaultsExt.swift; sourceTree = "<group>"; };
		14CE90082970357100ED0323 /* NSSoundExt.swift */ = {isa = PBXFileReference; lastKnownFileType = sourcecode.swift; path = NSSoundExt.swift; sourceTree = "<group>"; };
		14CE900A2970403300ED0323 /* LaunchOnLogin.swift */ = {isa = PBXFileReference; lastKnownFileType = sourcecode.swift; path = LaunchOnLogin.swift; sourceTree = "<group>"; };
		14F32C2B295FBA0700EC1916 /* Centre.app */ = {isa = PBXFileReference; explicitFileType = wrapper.application; includeInIndex = 0; path = Centre.app; sourceTree = BUILT_PRODUCTS_DIR; };
		14F32C2E295FBA0700EC1916 /* CentreApp.swift */ = {isa = PBXFileReference; lastKnownFileType = sourcecode.swift; path = CentreApp.swift; sourceTree = "<group>"; };
		14F32C32295FBA0800EC1916 /* Assets.xcassets */ = {isa = PBXFileReference; lastKnownFileType = folder.assetcatalog; path = Assets.xcassets; sourceTree = "<group>"; };
		14F32C35295FBA0800EC1916 /* Preview Assets.xcassets */ = {isa = PBXFileReference; lastKnownFileType = folder.assetcatalog; path = "Preview Assets.xcassets"; sourceTree = "<group>"; };
		14F32C37295FBA0800EC1916 /* Centre.entitlements */ = {isa = PBXFileReference; lastKnownFileType = text.plist.entitlements; path = Centre.entitlements; sourceTree = "<group>"; };
		14F32C40295FBEA600EC1916 /* WindowController.swift */ = {isa = PBXFileReference; lastKnownFileType = sourcecode.swift; path = WindowController.swift; sourceTree = "<group>"; };
		14F32C42295FE11A00EC1916 /* AlertController.swift */ = {isa = PBXFileReference; lastKnownFileType = sourcecode.swift; path = AlertController.swift; sourceTree = "<group>"; };
/* End PBXFileReference section */

/* Begin PBXFrameworksBuildPhase section */
		14F32C28295FBA0700EC1916 /* Frameworks */ = {
			isa = PBXFrameworksBuildPhase;
			buildActionMask = 2147483647;
			files = (
				14F32C3F295FBDCF00EC1916 /* HotKey in Frameworks */,
			);
			runOnlyForDeploymentPostprocessing = 0;
		};
/* End PBXFrameworksBuildPhase section */

/* Begin PBXGroup section */
		14F32C22295FBA0700EC1916 = {
			isa = PBXGroup;
			children = (
				14F32C2D295FBA0700EC1916 /* Centre */,
				14F32C2C295FBA0700EC1916 /* Products */,
			);
			sourceTree = "<group>";
		};
		14F32C2C295FBA0700EC1916 /* Products */ = {
			isa = PBXGroup;
			children = (
				14F32C2B295FBA0700EC1916 /* Centre.app */,
			);
			name = Products;
			sourceTree = "<group>";
		};
		14F32C2D295FBA0700EC1916 /* Centre */ = {
			isa = PBXGroup;
			children = (
				14F32C42295FE11A00EC1916 /* AlertController.swift */,
				14F32C32295FBA0800EC1916 /* Assets.xcassets */,
				14F32C37295FBA0800EC1916 /* Centre.entitlements */,
				14F32C2E295FBA0700EC1916 /* CentreApp.swift */,
				14CE900A2970403300ED0323 /* LaunchOnLogin.swift */,
				14CE90082970357100ED0323 /* NSSoundExt.swift */,
				14F32C34295FBA0800EC1916 /* Preview Content */,
				14B23A3129756D76003DD54A /* UserDefaultsExt.swift */,
				14F32C40295FBEA600EC1916 /* WindowController.swift */,
			);
			path = Centre;
			sourceTree = "<group>";
		};
		14F32C34295FBA0800EC1916 /* Preview Content */ = {
			isa = PBXGroup;
			children = (
				14F32C35295FBA0800EC1916 /* Preview Assets.xcassets */,
			);
			path = "Preview Content";
			sourceTree = "<group>";
		};
/* End PBXGroup section */

/* Begin PBXNativeTarget section */
		14F32C2A295FBA0700EC1916 /* Centre */ = {
			isa = PBXNativeTarget;
			buildConfigurationList = 14F32C3A295FBA0800EC1916 /* Build configuration list for PBXNativeTarget "Centre" */;
			buildPhases = (
				14F32C27295FBA0700EC1916 /* Sources */,
				14F32C28295FBA0700EC1916 /* Frameworks */,
				14F32C29295FBA0700EC1916 /* Resources */,
			);
			buildRules = (
			);
			dependencies = (
			);
			name = Centre;
			packageProductDependencies = (
				14F32C3E295FBDCF00EC1916 /* HotKey */,
			);
			productName = Centre;
			productReference = 14F32C2B295FBA0700EC1916 /* Centre.app */;
			productType = "com.apple.product-type.application";
		};
/* End PBXNativeTarget section */

/* Begin PBXProject section */
		14F32C23295FBA0700EC1916 /* Project object */ = {
			isa = PBXProject;
			attributes = {
				BuildIndependentTargetsInParallel = 1;
				LastSwiftUpdateCheck = 1420;
				LastUpgradeCheck = 1420;
				TargetAttributes = {
					14F32C2A295FBA0700EC1916 = {
						CreatedOnToolsVersion = 14.2;
					};
				};
			};
			buildConfigurationList = 14F32C26295FBA0700EC1916 /* Build configuration list for PBXProject "Centre" */;
			compatibilityVersion = "Xcode 14.0";
			developmentRegion = en;
			hasScannedForEncodings = 0;
			knownRegions = (
				en,
				Base,
			);
			mainGroup = 14F32C22295FBA0700EC1916;
			packageReferences = (
				14F32C3D295FBDCF00EC1916 /* XCRemoteSwiftPackageReference "HotKey" */,
			);
			productRefGroup = 14F32C2C295FBA0700EC1916 /* Products */;
			projectDirPath = "";
			projectRoot = "";
			targets = (
				14F32C2A295FBA0700EC1916 /* Centre */,
			);
		};
/* End PBXProject section */

/* Begin PBXResourcesBuildPhase section */
		14F32C29295FBA0700EC1916 /* Resources */ = {
			isa = PBXResourcesBuildPhase;
			buildActionMask = 2147483647;
			files = (
				14F32C36295FBA0800EC1916 /* Preview Assets.xcassets in Resources */,
				14F32C33295FBA0800EC1916 /* Assets.xcassets in Resources */,
			);
			runOnlyForDeploymentPostprocessing = 0;
		};
/* End PBXResourcesBuildPhase section */

/* Begin PBXSourcesBuildPhase section */
		14F32C27295FBA0700EC1916 /* Sources */ = {
			isa = PBXSourcesBuildPhase;
			buildActionMask = 2147483647;
			files = (
				14F32C43295FE11A00EC1916 /* AlertController.swift in Sources */,
				14CE900B2970403300ED0323 /* LaunchOnLogin.swift in Sources */,
				14B23A3229756D76003DD54A /* UserDefaultsExt.swift in Sources */,
				14F32C41295FBEA600EC1916 /* WindowController.swift in Sources */,
				14F32C2F295FBA0700EC1916 /* CentreApp.swift in Sources */,
				14CE90092970357100ED0323 /* NSSoundExt.swift in Sources */,
			);
			runOnlyForDeploymentPostprocessing = 0;
		};
/* End PBXSourcesBuildPhase section */

/* Begin XCBuildConfiguration section */
		14F32C38295FBA0800EC1916 /* Debug */ = {
			isa = XCBuildConfiguration;
			buildSettings = {
				ALWAYS_SEARCH_USER_PATHS = NO;
				CLANG_ANALYZER_NONNULL = YES;
				CLANG_ANALYZER_NUMBER_OBJECT_CONVERSION = YES_AGGRESSIVE;
				CLANG_CXX_LANGUAGE_STANDARD = "gnu++20";
				CLANG_ENABLE_MODULES = YES;
				CLANG_ENABLE_OBJC_ARC = YES;
				CLANG_ENABLE_OBJC_WEAK = YES;
				CLANG_WARN_BLOCK_CAPTURE_AUTORELEASING = YES;
				CLANG_WARN_BOOL_CONVERSION = YES;
				CLANG_WARN_COMMA = YES;
				CLANG_WARN_CONSTANT_CONVERSION = YES;
				CLANG_WARN_DEPRECATED_OBJC_IMPLEMENTATIONS = YES;
				CLANG_WARN_DIRECT_OBJC_ISA_USAGE = YES_ERROR;
				CLANG_WARN_DOCUMENTATION_COMMENTS = YES;
				CLANG_WARN_EMPTY_BODY = YES;
				CLANG_WARN_ENUM_CONVERSION = YES;
				CLANG_WARN_INFINITE_RECURSION = YES;
				CLANG_WARN_INT_CONVERSION = YES;
				CLANG_WARN_NON_LITERAL_NULL_CONVERSION = YES;
				CLANG_WARN_OBJC_IMPLICIT_RETAIN_SELF = YES;
				CLANG_WARN_OBJC_LITERAL_CONVERSION = YES;
				CLANG_WARN_OBJC_ROOT_CLASS = YES_ERROR;
				CLANG_WARN_QUOTED_INCLUDE_IN_FRAMEWORK_HEADER = YES;
				CLANG_WARN_RANGE_LOOP_ANALYSIS = YES;
				CLANG_WARN_STRICT_PROTOTYPES = YES;
				CLANG_WARN_SUSPICIOUS_MOVE = YES;
				CLANG_WARN_UNGUARDED_AVAILABILITY = YES_AGGRESSIVE;
				CLANG_WARN_UNREACHABLE_CODE = YES;
				CLANG_WARN__DUPLICATE_METHOD_MATCH = YES;
				COPY_PHASE_STRIP = NO;
				DEBUG_INFORMATION_FORMAT = dwarf;
				ENABLE_STRICT_OBJC_MSGSEND = YES;
				ENABLE_TESTABILITY = YES;
				GCC_C_LANGUAGE_STANDARD = gnu11;
				GCC_DYNAMIC_NO_PIC = NO;
				GCC_NO_COMMON_BLOCKS = YES;
				GCC_OPTIMIZATION_LEVEL = 0;
				GCC_PREPROCESSOR_DEFINITIONS = (
					"DEBUG=1",
					"$(inherited)",
				);
				GCC_WARN_64_TO_32_BIT_CONVERSION = YES;
				GCC_WARN_ABOUT_RETURN_TYPE = YES_ERROR;
				GCC_WARN_UNDECLARED_SELECTOR = YES;
				GCC_WARN_UNINITIALIZED_AUTOS = YES_AGGRESSIVE;
				GCC_WARN_UNUSED_FUNCTION = YES;
				GCC_WARN_UNUSED_VARIABLE = YES;
				MACOSX_DEPLOYMENT_TARGET = 13.1;
				MTL_ENABLE_DEBUG_INFO = INCLUDE_SOURCE;
				MTL_FAST_MATH = YES;
				ONLY_ACTIVE_ARCH = YES;
				SDKROOT = macosx;
				SWIFT_ACTIVE_COMPILATION_CONDITIONS = DEBUG;
				SWIFT_OPTIMIZATION_LEVEL = "-Onone";
			};
			name = Debug;
		};
		14F32C39295FBA0800EC1916 /* Release */ = {
			isa = XCBuildConfiguration;
			buildSettings = {
				ALWAYS_SEARCH_USER_PATHS = NO;
				CLANG_ANALYZER_NONNULL = YES;
				CLANG_ANALYZER_NUMBER_OBJECT_CONVERSION = YES_AGGRESSIVE;
				CLANG_CXX_LANGUAGE_STANDARD = "gnu++20";
				CLANG_ENABLE_MODULES = YES;
				CLANG_ENABLE_OBJC_ARC = YES;
				CLANG_ENABLE_OBJC_WEAK = YES;
				CLANG_WARN_BLOCK_CAPTURE_AUTORELEASING = YES;
				CLANG_WARN_BOOL_CONVERSION = YES;
				CLANG_WARN_COMMA = YES;
				CLANG_WARN_CONSTANT_CONVERSION = YES;
				CLANG_WARN_DEPRECATED_OBJC_IMPLEMENTATIONS = YES;
				CLANG_WARN_DIRECT_OBJC_ISA_USAGE = YES_ERROR;
				CLANG_WARN_DOCUMENTATION_COMMENTS = YES;
				CLANG_WARN_EMPTY_BODY = YES;
				CLANG_WARN_ENUM_CONVERSION = YES;
				CLANG_WARN_INFINITE_RECURSION = YES;
				CLANG_WARN_INT_CONVERSION = YES;
				CLANG_WARN_NON_LITERAL_NULL_CONVERSION = YES;
				CLANG_WARN_OBJC_IMPLICIT_RETAIN_SELF = YES;
				CLANG_WARN_OBJC_LITERAL_CONVERSION = YES;
				CLANG_WARN_OBJC_ROOT_CLASS = YES_ERROR;
				CLANG_WARN_QUOTED_INCLUDE_IN_FRAMEWORK_HEADER = YES;
				CLANG_WARN_RANGE_LOOP_ANALYSIS = YES;
				CLANG_WARN_STRICT_PROTOTYPES = YES;
				CLANG_WARN_SUSPICIOUS_MOVE = YES;
				CLANG_WARN_UNGUARDED_AVAILABILITY = YES_AGGRESSIVE;
				CLANG_WARN_UNREACHABLE_CODE = YES;
				CLANG_WARN__DUPLICATE_METHOD_MATCH = YES;
				COPY_PHASE_STRIP = NO;
				DEBUG_INFORMATION_FORMAT = "dwarf-with-dsym";
				ENABLE_NS_ASSERTIONS = NO;
				ENABLE_STRICT_OBJC_MSGSEND = YES;
				GCC_C_LANGUAGE_STANDARD = gnu11;
				GCC_NO_COMMON_BLOCKS = YES;
				GCC_WARN_64_TO_32_BIT_CONVERSION = YES;
				GCC_WARN_ABOUT_RETURN_TYPE = YES_ERROR;
				GCC_WARN_UNDECLARED_SELECTOR = YES;
				GCC_WARN_UNINITIALIZED_AUTOS = YES_AGGRESSIVE;
				GCC_WARN_UNUSED_FUNCTION = YES;
				GCC_WARN_UNUSED_VARIABLE = YES;
				MACOSX_DEPLOYMENT_TARGET = 13.1;
				MTL_ENABLE_DEBUG_INFO = NO;
				MTL_FAST_MATH = YES;
				SDKROOT = macosx;
				SWIFT_COMPILATION_MODE = wholemodule;
				SWIFT_OPTIMIZATION_LEVEL = "-O";
			};
			name = Release;
		};
		14F32C3B295FBA0800EC1916 /* Debug */ = {
			isa = XCBuildConfiguration;
			buildSettings = {
				ASSETCATALOG_COMPILER_APPICON_NAME = AppIcon;
				ASSETCATALOG_COMPILER_GLOBAL_ACCENT_COLOR_NAME = AccentColor;
				CODE_SIGN_ENTITLEMENTS = Centre/Centre.entitlements;
				"CODE_SIGN_IDENTITY[sdk=macosx*]" = "Apple Development";
				CODE_SIGN_STYLE = Automatic;
				COMBINE_HIDPI_IMAGES = YES;
				CURRENT_PROJECT_VERSION = 1;
				DEVELOPMENT_ASSET_PATHS = "\"Centre/Preview Content\"";
				DEVELOPMENT_TEAM = W2VC5BW82H;
				ENABLE_HARDENED_RUNTIME = YES;
				ENABLE_PREVIEWS = YES;
				GENERATE_INFOPLIST_FILE = YES;
				INFOPLIST_KEY_CFBundleDisplayName = Centre;
				INFOPLIST_KEY_LSApplicationCategoryType = "public.app-category.utilities";
				INFOPLIST_KEY_LSUIElement = YES;
				INFOPLIST_KEY_NSHumanReadableCopyright = "";
				LD_RUNPATH_SEARCH_PATHS = (
					"$(inherited)",
					"@executable_path/../Frameworks",
				);
				MACOSX_DEPLOYMENT_TARGET = 13.0;
				MARKETING_VERSION = 1.0;
				PRODUCT_BUNDLE_IDENTIFIER = so.sqr.centre;
				PRODUCT_NAME = "$(TARGET_NAME)";
				SWIFT_EMIT_LOC_STRINGS = YES;
				SWIFT_VERSION = 5.0;
			};
			name = Debug;
		};
		14F32C3C295FBA0800EC1916 /* Release */ = {
			isa = XCBuildConfiguration;
			buildSettings = {
				ASSETCATALOG_COMPILER_APPICON_NAME = AppIcon;
				ASSETCATALOG_COMPILER_GLOBAL_ACCENT_COLOR_NAME = AccentColor;
				CODE_SIGN_ENTITLEMENTS = Centre/Centre.entitlements;
				"CODE_SIGN_IDENTITY[sdk=macosx*]" = "Apple Development";
				CODE_SIGN_STYLE = Automatic;
				COMBINE_HIDPI_IMAGES = YES;
				CURRENT_PROJECT_VERSION = 1;
				DEVELOPMENT_ASSET_PATHS = "\"Centre/Preview Content\"";
				DEVELOPMENT_TEAM = W2VC5BW82H;
				ENABLE_HARDENED_RUNTIME = YES;
				ENABLE_PREVIEWS = YES;
				GENERATE_INFOPLIST_FILE = YES;
				INFOPLIST_KEY_CFBundleDisplayName = Centre;
				INFOPLIST_KEY_LSApplicationCategoryType = "public.app-category.utilities";
				INFOPLIST_KEY_LSUIElement = YES;
				INFOPLIST_KEY_NSHumanReadableCopyright = "";
				LD_RUNPATH_SEARCH_PATHS = (
					"$(inherited)",
					"@executable_path/../Frameworks",
				);
				MACOSX_DEPLOYMENT_TARGET = 13.0;
				MARKETING_VERSION = 1.0;
				PRODUCT_BUNDLE_IDENTIFIER = so.sqr.centre;
				PRODUCT_NAME = "$(TARGET_NAME)";
				SWIFT_EMIT_LOC_STRINGS = YES;
				SWIFT_VERSION = 5.0;
			};
			name = Release;
		};
/* End XCBuildConfiguration section */

/* Begin XCConfigurationList section */
		14F32C26295FBA0700EC1916 /* Build configuration list for PBXProject "Centre" */ = {
			isa = XCConfigurationList;
			buildConfigurations = (
				14F32C38295FBA0800EC1916 /* Debug */,
				14F32C39295FBA0800EC1916 /* Release */,
			);
			defaultConfigurationIsVisible = 0;
			defaultConfigurationName = Release;
		};
		14F32C3A295FBA0800EC1916 /* Build configuration list for PBXNativeTarget "Centre" */ = {
			isa = XCConfigurationList;
			buildConfigurations = (
				14F32C3B295FBA0800EC1916 /* Debug */,
				14F32C3C295FBA0800EC1916 /* Release */,
			);
			defaultConfigurationIsVisible = 0;
			defaultConfigurationName = Release;
		};
/* End XCConfigurationList section */

/* Begin XCRemoteSwiftPackageReference section */
		14F32C3D295FBDCF00EC1916 /* XCRemoteSwiftPackageReference "HotKey" */ = {
			isa = XCRemoteSwiftPackageReference;
			repositoryURL = "https://github.com/soffes/HotKey";
			requirement = {
				branch = master;
				kind = branch;
			};
		};
/* End XCRemoteSwiftPackageReference section */

/* Begin XCSwiftPackageProductDependency section */
		14F32C3E295FBDCF00EC1916 /* HotKey */ = {
			isa = XCSwiftPackageProductDependency;
			package = 14F32C3D295FBDCF00EC1916 /* XCRemoteSwiftPackageReference "HotKey" */;
			productName = HotKey;
		};
/* End XCSwiftPackageProductDependency section */
	};
	rootObject = 14F32C23295FBA0700EC1916 /* Project object */;
}
